
Microsoft Visual Studio Solution File, Format Version 12.00
# Visual Studio Version 16
VisualStudioVersion = 16.0.31112.23
MinimumVisualStudioVersion = 10.0.40219.1
Project("{FAE04EC0-301F-11D3-BF4B-00C04F79EFBC}") = "u20565730_HMWK03", "u20565730_HMWK03.csproj", "{27576D1E-A602-42F3-B30A-3D21D4C7D8F2}"
EndProject
Global
	GlobalSection(SolutionConfigurationPlatforms) = preSolution
		Debug|Any CPU = Debug|Any CPU
		Release|Any CPU = Release|Any CPU
	EndGlobalSection
	GlobalSection(ProjectConfigurationPlatforms) = postSolution
		{27576D1E-A602-42F3-B30A-3D21D4C7D8F2}.Debug|Any CPU.ActiveCfg = Debug|Any CPU
		{27576D1E-A602-42F3-B30A-3D21D4C7D8F2}.Debug|Any CPU.Build.0 = Debug|Any CPU
		{27576D1E-A602-42F3-B30A-3D21D4C7D8F2}.Release|Any CPU.ActiveCfg = Release|Any CPU
		{27576D1E-A602-42F3-B30A-3D21D4C7D8F2}.Release|Any CPU.Build.0 = Release|Any CPU
	EndGlobalSection
	GlobalSection(SolutionProperties) = preSolution
		HideSolutionNode = FALSE
	EndGlobalSection
	GlobalSection(ExtensibilityGlobals) = postSolution
		SolutionGuid = {4D1DE13A-A320-463B-89AE-372BAE2B11A3}
	EndGlobalSection
EndGlobal
